
Microsoft Visual Studio Solution File, Format Version 12.00
# Visual Studio Version 16
VisualStudioVersion = 16.0.30717.126
MinimumVisualStudioVersion = 10.0.40219.1
Project("{FAE04EC0-301F-11D3-BF4B-00C04F79EFBC}") = "CS055HraChytniCheckBox", "CS051DynamickeKomponenty\CS055HraChytniCheckBox.csproj", "{1957CBAC-7B3D-4F9A-8009-703104F047E9}"
EndProject
Global
	GlobalSection(SolutionConfigurationPlatforms) = preSolution
		Debug|Any CPU = Debug|Any CPU
		Release|Any CPU = Release|Any CPU
	EndGlobalSection
	GlobalSection(ProjectConfigurationPlatforms) = postSolution
		{1957CBAC-7B3D-4F9A-8009-703104F047E9}.Debug|Any CPU.ActiveCfg = Debug|Any CPU
		{1957CBAC-7B3D-4F9A-8009-703104F047E9}.Debug|Any CPU.Build.0 = Debug|Any CPU
		{1957CBAC-7B3D-4F9A-8009-703104F047E9}.Release|Any CPU.ActiveCfg = Release|Any CPU
		{1957CBAC-7B3D-4F9A-8009-703104F047E9}.Release|Any CPU.Build.0 = Release|Any CPU
	EndGlobalSection
	GlobalSection(SolutionProperties) = preSolution
		HideSolutionNode = FALSE
	EndGlobalSection
	GlobalSection(ExtensibilityGlobals) = postSolution
		SolutionGuid = {2D412D03-1395-49A4-B1C3-F8B9A80E33EB}
	EndGlobalSection
EndGlobal
